
Microsoft Visual Studio Solution File, Format Version 12.00
# Visual Studio Version 17
VisualStudioVersion = 17.3.32819.101
MinimumVisualStudioVersion = 10.0.40219.1
Project("{FAE04EC0-301F-11D3-BF4B-00C04F79EFBC}") = "ClassesEX1", "ClassesEX1\ClassesEX1.csproj", "{B3C1E955-4D89-4DE0-A22F-C0011567F697}"
EndProject
Global
	GlobalSection(SolutionConfigurationPlatforms) = preSolution
		Debug|Any CPU = Debug|Any CPU
		Release|Any CPU = Release|Any CPU
	EndGlobalSection
	GlobalSection(ProjectConfigurationPlatforms) = postSolution
		{B3C1E955-4D89-4DE0-A22F-C0011567F697}.Debug|Any CPU.ActiveCfg = Debug|Any CPU
		{B3C1E955-4D89-4DE0-A22F-C0011567F697}.Debug|Any CPU.Build.0 = Debug|Any CPU
		{B3C1E955-4D89-4DE0-A22F-C0011567F697}.Release|Any CPU.ActiveCfg = Release|Any CPU
		{B3C1E955-4D89-4DE0-A22F-C0011567F697}.Release|Any CPU.Build.0 = Release|Any CPU
	EndGlobalSection
	GlobalSection(SolutionProperties) = preSolution
		HideSolutionNode = FALSE
	EndGlobalSection
	GlobalSection(ExtensibilityGlobals) = postSolution
		SolutionGuid = {9F105559-2147-48AE-B65F-523314BFA458}
	EndGlobalSection
EndGlobal
